
Microsoft Visual Studio Solution File, Format Version 12.00
# Visual Studio Version 16
VisualStudioVersion = 16.0.31613.86
MinimumVisualStudioVersion = 10.0.40219.1
Project("{FAE04EC0-301F-11D3-BF4B-00C04F79EFBC}") = "TestStarRating.Android", "TestStarRating\TestStarRating.Android\TestStarRating.Android.csproj", "{239A88AB-5128-4022-86A4-CA531BCE7598}"
EndProject
Project("{FAE04EC0-301F-11D3-BF4B-00C04F79EFBC}") = "TestStarRating.iOS", "TestStarRating\TestStarRating.iOS\TestStarRating.iOS.csproj", "{41CCAE8F-50B6-4B19-9B65-749ECC59383C}"
EndProject
Project("{FAE04EC0-301F-11D3-BF4B-00C04F79EFBC}") = "TestStarRating", "TestStarRating\TestStarRating\TestStarRating.csproj", "{63B425F4-F134-4642-9CAA-2AB0872980FC}"
EndProject
Global
	GlobalSection(SolutionConfigurationPlatforms) = preSolution
		Debug|Any CPU = Debug|Any CPU
		Debug|iPhone = Debug|iPhone
		Debug|iPhoneSimulator = Debug|iPhoneSimulator
		Release|Any CPU = Release|Any CPU
		Release|iPhone = Release|iPhone
		Release|iPhoneSimulator = Release|iPhoneSimulator
	EndGlobalSection
	GlobalSection(ProjectConfigurationPlatforms) = postSolution
		{239A88AB-5128-4022-86A4-CA531BCE7598}.Debug|Any CPU.ActiveCfg = Debug|Any CPU
		{239A88AB-5128-4022-86A4-CA531BCE7598}.Debug|Any CPU.Build.0 = Debug|Any CPU
		{239A88AB-5128-4022-86A4-CA531BCE7598}.Debug|Any CPU.Deploy.0 = Debug|Any CPU
		{239A88AB-5128-4022-86A4-CA531BCE7598}.Debug|iPhone.ActiveCfg = Debug|Any CPU
		{239A88AB-5128-4022-86A4-CA531BCE7598}.Debug|iPhone.Build.0 = Debug|Any CPU
		{239A88AB-5128-4022-86A4-CA531BCE7598}.Debug|iPhone.Deploy.0 = Debug|Any CPU
		{239A88AB-5128-4022-86A4-CA531BCE7598}.Debug|iPhoneSimulator.ActiveCfg = Debug|Any CPU
		{239A88AB-5128-4022-86A4-CA531BCE7598}.Debug|iPhoneSimulator.Build.0 = Debug|Any CPU
		{239A88AB-5128-4022-86A4-CA531BCE7598}.Debug|iPhoneSimulator.Deploy.0 = Debug|Any CPU
		{239A88AB-5128-4022-86A4-CA531BCE7598}.Release|Any CPU.ActiveCfg = Release|Any CPU
		{239A88AB-5128-4022-86A4-CA531BCE7598}.Release|Any CPU.Build.0 = Release|Any CPU
		{239A88AB-5128-4022-86A4-CA531BCE7598}.Release|Any CPU.Deploy.0 = Release|Any CPU
		{239A88AB-5128-4022-86A4-CA531BCE7598}.Release|iPhone.ActiveCfg = Release|Any CPU
		{239A88AB-5128-4022-86A4-CA531BCE7598}.Release|iPhone.Build.0 = Release|Any CPU
		{239A88AB-5128-4022-86A4-CA531BCE7598}.Release|iPhone.Deploy.0 = Release|Any CPU
		{239A88AB-5128-4022-86A4-CA531BCE7598}.Release|iPhoneSimulator.ActiveCfg = Release|Any CPU
		{239A88AB-5128-4022-86A4-CA531BCE7598}.Release|iPhoneSimulator.Build.0 = Release|Any CPU
		{239A88AB-5128-4022-86A4-CA531BCE7598}.Release|iPhoneSimulator.Deploy.0 = Release|Any CPU
		{41CCAE8F-50B6-4B19-9B65-749ECC59383C}.Debug|Any CPU.ActiveCfg = Debug|iPhone
		{41CCAE8F-50B6-4B19-9B65-749ECC59383C}.Debug|Any CPU.Build.0 = Debug|iPhone
		{41CCAE8F-50B6-4B19-9B65-749ECC59383C}.Debug|Any CPU.Deploy.0 = Debug|iPhone
		{41CCAE8F-50B6-4B19-9B65-749ECC59383C}.Debug|iPhone.ActiveCfg = Debug|iPhone
		{41CCAE8F-50B6-4B19-9B65-749ECC59383C}.Debug|iPhone.Build.0 = Debug|iPhone
		{41CCAE8F-50B6-4B19-9B65-749ECC59383C}.Debug|iPhone.Deploy.0 = Debug|iPhone
		{41CCAE8F-50B6-4B19-9B65-749ECC59383C}.Debug|iPhoneSimulator.ActiveCfg = Debug|iPhoneSimulator
		{41CCAE8F-50B6-4B19-9B65-749ECC59383C}.Debug|iPhoneSimulator.Build.0 = Debug|iPhoneSimulator
		{41CCAE8F-50B6-4B19-9B65-749ECC59383C}.Debug|iPhoneSimulator.Deploy.0 = Debug|iPhoneSimulator
		{41CCAE8F-50B6-4B19-9B65-749ECC59383C}.Release|Any CPU.ActiveCfg = Release|iPhoneSimulator
		{41CCAE8F-50B6-4B19-9B65-749ECC59383C}.Release|Any CPU.Build.0 = Release|iPhoneSimulator
		{41CCAE8F-50B6-4B19-9B65-749ECC59383C}.Release|Any CPU.Deploy.0 = Release|iPhoneSimulator
		{41CCAE8F-50B6-4B19-9B65-749ECC59383C}.Release|iPhone.ActiveCfg = Release|iPhone
		{41CCAE8F-50B6-4B19-9B65-749ECC59383C}.Release|iPhone.Build.0 = Release|iPhone
		{41CCAE8F-50B6-4B19-9B65-749ECC59383C}.Release|iPhone.Deploy.0 = Release|iPhone
		{41CCAE8F-50B6-4B19-9B65-749ECC59383C}.Release|iPhoneSimulator.ActiveCfg = Release|iPhoneSimulator
		{41CCAE8F-50B6-4B19-9B65-749ECC59383C}.Release|iPhoneSimulator.Build.0 = Release|iPhoneSimulator
		{41CCAE8F-50B6-4B19-9B65-749ECC59383C}.Release|iPhoneSimulator.Deploy.0 = Release|iPhoneSimulator
		{63B425F4-F134-4642-9CAA-2AB0872980FC}.Debug|Any CPU.ActiveCfg = Debug|Any CPU
		{63B425F4-F134-4642-9CAA-2AB0872980FC}.Debug|Any CPU.Build.0 = Debug|Any CPU
		{63B425F4-F134-4642-9CAA-2AB0872980FC}.Debug|Any CPU.Deploy.0 = Debug|Any CPU
		{63B425F4-F134-4642-9CAA-2AB0872980FC}.Debug|iPhone.ActiveCfg = Debug|Any CPU
		{63B425F4-F134-4642-9CAA-2AB0872980FC}.Debug|iPhone.Build.0 = Debug|Any CPU
		{63B425F4-F134-4642-9CAA-2AB0872980FC}.Debug|iPhone.Deploy.0 = Debug|Any CPU
		{63B425F4-F134-4642-9CAA-2AB0872980FC}.Debug|iPhoneSimulator.ActiveCfg = Debug|Any CPU
		{63B425F4-F134-4642-9CAA-2AB0872980FC}.Debug|iPhoneSimulator.Build.0 = Debug|Any CPU
		{63B425F4-F134-4642-9CAA-2AB0872980FC}.Debug|iPhoneSimulator.Deploy.0 = Debug|Any CPU
		{63B425F4-F134-4642-9CAA-2AB0872980FC}.Release|Any CPU.ActiveCfg = Release|Any CPU
		{63B425F4-F134-4642-9CAA-2AB0872980FC}.Release|Any CPU.Build.0 = Release|Any CPU
		{63B425F4-F134-4642-9CAA-2AB0872980FC}.Release|Any CPU.Deploy.0 = Release|Any CPU
		{63B425F4-F134-4642-9CAA-2AB0872980FC}.Release|iPhone.ActiveCfg = Release|Any CPU
		{63B425F4-F134-4642-9CAA-2AB0872980FC}.Release|iPhone.Build.0 = Release|Any CPU
		{63B425F4-F134-4642-9CAA-2AB0872980FC}.Release|iPhone.Deploy.0 = Release|Any CPU
		{63B425F4-F134-4642-9CAA-2AB0872980FC}.Release|iPhoneSimulator.ActiveCfg = Release|Any CPU
		{63B425F4-F134-4642-9CAA-2AB0872980FC}.Release|iPhoneSimulator.Build.0 = Release|Any CPU
		{63B425F4-F134-4642-9CAA-2AB0872980FC}.Release|iPhoneSimulator.Deploy.0 = Release|Any CPU
	EndGlobalSection
	GlobalSection(SolutionProperties) = preSolution
		HideSolutionNode = FALSE
	EndGlobalSection
	GlobalSection(ExtensibilityGlobals) = postSolution
		SolutionGuid = {1142BFD5-9649-47F0-8C18-FEA277FA0C3E}
	EndGlobalSection
EndGlobal
